
Microsoft Visual Studio Solution File, Format Version 12.00
# Visual Studio Version 16
VisualStudioVersion = 16.0.810.8
MinimumVisualStudioVersion = 10.0.40219.1
Project("{FAE04EC0-301F-11D3-BF4B-00C04F79EFBC}") = "project0", "project0\project0.csproj", "{DC2DC6B4-028A-43C8-8CEB-831906766BB0}"
EndProject
Global
	GlobalSection(SolutionConfigurationPlatforms) = preSolution
		Debug|Any CPU = Debug|Any CPU
		Release|Any CPU = Release|Any CPU
	EndGlobalSection
	GlobalSection(ProjectConfigurationPlatforms) = postSolution
		{DC2DC6B4-028A-43C8-8CEB-831906766BB0}.Debug|Any CPU.ActiveCfg = Debug|Any CPU
		{DC2DC6B4-028A-43C8-8CEB-831906766BB0}.Debug|Any CPU.Build.0 = Debug|Any CPU
		{DC2DC6B4-028A-43C8-8CEB-831906766BB0}.Release|Any CPU.ActiveCfg = Release|Any CPU
		{DC2DC6B4-028A-43C8-8CEB-831906766BB0}.Release|Any CPU.Build.0 = Release|Any CPU
	EndGlobalSection
	GlobalSection(SolutionProperties) = preSolution
		HideSolutionNode = FALSE
	EndGlobalSection
	GlobalSection(ExtensibilityGlobals) = postSolution
		SolutionGuid = {1E9DADA6-90F1-4766-841D-D56FA23E1647}
	EndGlobalSection
EndGlobal
